
Microsoft Visual Studio Solution File, Format Version 12.00
# Visual Studio 2013
VisualStudioVersion = 12.0.31101.0
MinimumVisualStudioVersion = 10.0.40219.1
Project("{FAE04EC0-301F-11D3-BF4B-00C04F79EFBC}") = "SwitchProcess", "SwitchProcess\SwitchProcess.csproj", "{51853552-82FA-44EE-BFA6-6C05684DEB18}"
EndProject
Project("{FAE04EC0-301F-11D3-BF4B-00C04F79EFBC}") = "DeviceAvatar", "DeviceAvatar\DeviceAvatar.csproj", "{05C09D8D-32EF-4488-8464-A043E3293387}"
EndProject
Project("{2150E333-8FDC-42A3-9474-1A3956D46DE8}") = ".nuget", ".nuget", "{20ABFE18-AEA9-4FB8-B850-5942F719E7F2}"
	ProjectSection(SolutionItems) = preProject
		.nuget\NuGet.Config = .nuget\NuGet.Config
		.nuget\NuGet.exe = .nuget\NuGet.exe
		.nuget\NuGet.targets = .nuget\NuGet.targets
	EndProjectSection
EndProject
Global
	GlobalSection(SolutionConfigurationPlatforms) = preSolution
		Debug|Any CPU = Debug|Any CPU
		Release|Any CPU = Release|Any CPU
	EndGlobalSection
	GlobalSection(ProjectConfigurationPlatforms) = postSolution
		{51853552-82FA-44EE-BFA6-6C05684DEB18}.Debug|Any CPU.ActiveCfg = Debug|Any CPU
		{51853552-82FA-44EE-BFA6-6C05684DEB18}.Debug|Any CPU.Build.0 = Debug|Any CPU
		{51853552-82FA-44EE-BFA6-6C05684DEB18}.Release|Any CPU.ActiveCfg = Release|Any CPU
		{51853552-82FA-44EE-BFA6-6C05684DEB18}.Release|Any CPU.Build.0 = Release|Any CPU
		{05C09D8D-32EF-4488-8464-A043E3293387}.Debug|Any CPU.ActiveCfg = Debug|Any CPU
		{05C09D8D-32EF-4488-8464-A043E3293387}.Debug|Any CPU.Build.0 = Debug|Any CPU
		{05C09D8D-32EF-4488-8464-A043E3293387}.Release|Any CPU.ActiveCfg = Release|Any CPU
		{05C09D8D-32EF-4488-8464-A043E3293387}.Release|Any CPU.Build.0 = Release|Any CPU
	EndGlobalSection
	GlobalSection(SolutionProperties) = preSolution
		HideSolutionNode = FALSE
	EndGlobalSection
EndGlobal
